
Microsoft Visual Studio Solution File, Format Version 12.00
# Visual Studio Version 17
VisualStudioVersion = 17.14.36301.6
MinimumVisualStudioVersion = 10.0.40219.1
Project("{2150E333-8FDC-42A3-9474-1A3956D46DE8}") = "src", "src", "{02EA681E-C7D8-13C7-8484-4AC65E1B71E8}"
EndProject
Project("{FAE04EC0-301F-11D3-BF4B-00C04F79EFBC}") = "Domain", "Domain\Domain.csproj", "{6581A8C8-A5FF-4B62-9ADD-210E514B2F2C}"
EndProject
Project("{FAE04EC0-301F-11D3-BF4B-00C04F79EFBC}") = "Application", "Application\Application.csproj", "{2C5B3BEB-1977-41F9-A9F6-4861B1C2B65F}"
EndProject
Project("{FAE04EC0-301F-11D3-BF4B-00C04F79EFBC}") = "Infrastructure", "Infrastructure\Infrastructure.csproj", "{ABA9CB02-9DDA-45C6-A86F-C7B22F9A727E}"
EndProject
Project("{FAE04EC0-301F-11D3-BF4B-00C04F79EFBC}") = "WebAPI", "WebAPI\WebAPI.csproj", "{AB4747C5-B8AC-4278-8C8A-B28B79B2BBE2}"
EndProject
Project("{FAE04EC0-301F-11D3-BF4B-00C04F79EFBC}") = "PosRestaurant.Shared", "PosRestaurant.Shared\PosRestaurant.Shared.csproj", "{1E31B929-5CE6-4E89-882F-5A9364CB7CB8}"
EndProject
Project("{2150E333-8FDC-42A3-9474-1A3956D46DE8}") = "Services", "Services", "{32970D0C-1C3F-41B3-80F2-55B7973B7716}"
EndProject
Project("{2150E333-8FDC-42A3-9474-1A3956D46DE8}") = "Catalog", "Catalog", "{0C673622-9734-47F1-9762-44E2C4A1BB7E}"
EndProject
Project("{2150E333-8FDC-42A3-9474-1A3956D46DE8}") = "Identity", "Identity", "{B98B6184-E8B5-4618-818A-C594A8F1F143}"
EndProject
Project("{2150E333-8FDC-42A3-9474-1A3956D46DE8}") = "Ordering", "Ordering", "{97A99D65-0405-4A7A-BA32-E38039670E3E}"
EndProject
Project("{FAE04EC0-301F-11D3-BF4B-00C04F79EFBC}") = "Catalog.Domain", "Catalog.Domain\Catalog.Domain.csproj", "{143A1B3B-8E1D-43BB-AB25-D8D99FE2E1CA}"
EndProject
Project("{FAE04EC0-301F-11D3-BF4B-00C04F79EFBC}") = "Catalog.Application", "Catalog.Application\Catalog.Application.csproj", "{F8EA0052-40F4-469E-A27A-6A05791ECC04}"
EndProject
Project("{FAE04EC0-301F-11D3-BF4B-00C04F79EFBC}") = "Catalog.Infrastrucutre", "Catalog.Infrastrucutre\Catalog.Infrastrucutre.csproj", "{AF4BC797-C7D5-444C-9801-05F14E608229}"
EndProject
Project("{FAE04EC0-301F-11D3-BF4B-00C04F79EFBC}") = "Catalog.API", "Catalog.API\Catalog.API.csproj", "{FBBB5792-5631-4A3C-8CFE-091177F3835D}"
EndProject
Global
	GlobalSection(SolutionConfigurationPlatforms) = preSolution
		Debug|Any CPU = Debug|Any CPU
		Release|Any CPU = Release|Any CPU
	EndGlobalSection
	GlobalSection(ProjectConfigurationPlatforms) = postSolution
		{6581A8C8-A5FF-4B62-9ADD-210E514B2F2C}.Debug|Any CPU.ActiveCfg = Debug|Any CPU
		{6581A8C8-A5FF-4B62-9ADD-210E514B2F2C}.Debug|Any CPU.Build.0 = Debug|Any CPU
		{6581A8C8-A5FF-4B62-9ADD-210E514B2F2C}.Release|Any CPU.ActiveCfg = Release|Any CPU
		{6581A8C8-A5FF-4B62-9ADD-210E514B2F2C}.Release|Any CPU.Build.0 = Release|Any CPU
		{2C5B3BEB-1977-41F9-A9F6-4861B1C2B65F}.Debug|Any CPU.ActiveCfg = Debug|Any CPU
		{2C5B3BEB-1977-41F9-A9F6-4861B1C2B65F}.Debug|Any CPU.Build.0 = Debug|Any CPU
		{2C5B3BEB-1977-41F9-A9F6-4861B1C2B65F}.Release|Any CPU.ActiveCfg = Release|Any CPU
		{2C5B3BEB-1977-41F9-A9F6-4861B1C2B65F}.Release|Any CPU.Build.0 = Release|Any CPU
		{ABA9CB02-9DDA-45C6-A86F-C7B22F9A727E}.Debug|Any CPU.ActiveCfg = Debug|Any CPU
		{ABA9CB02-9DDA-45C6-A86F-C7B22F9A727E}.Debug|Any CPU.Build.0 = Debug|Any CPU
		{ABA9CB02-9DDA-45C6-A86F-C7B22F9A727E}.Release|Any CPU.ActiveCfg = Release|Any CPU
		{ABA9CB02-9DDA-45C6-A86F-C7B22F9A727E}.Release|Any CPU.Build.0 = Release|Any CPU
		{AB4747C5-B8AC-4278-8C8A-B28B79B2BBE2}.Debug|Any CPU.ActiveCfg = Debug|Any CPU
		{AB4747C5-B8AC-4278-8C8A-B28B79B2BBE2}.Debug|Any CPU.Build.0 = Debug|Any CPU
		{AB4747C5-B8AC-4278-8C8A-B28B79B2BBE2}.Release|Any CPU.ActiveCfg = Release|Any CPU
		{AB4747C5-B8AC-4278-8C8A-B28B79B2BBE2}.Release|Any CPU.Build.0 = Release|Any CPU
		{1E31B929-5CE6-4E89-882F-5A9364CB7CB8}.Debug|Any CPU.ActiveCfg = Debug|Any CPU
		{1E31B929-5CE6-4E89-882F-5A9364CB7CB8}.Debug|Any CPU.Build.0 = Debug|Any CPU
		{1E31B929-5CE6-4E89-882F-5A9364CB7CB8}.Release|Any CPU.ActiveCfg = Release|Any CPU
		{1E31B929-5CE6-4E89-882F-5A9364CB7CB8}.Release|Any CPU.Build.0 = Release|Any CPU
		{143A1B3B-8E1D-43BB-AB25-D8D99FE2E1CA}.Debug|Any CPU.ActiveCfg = Debug|Any CPU
		{143A1B3B-8E1D-43BB-AB25-D8D99FE2E1CA}.Debug|Any CPU.Build.0 = Debug|Any CPU
		{143A1B3B-8E1D-43BB-AB25-D8D99FE2E1CA}.Release|Any CPU.ActiveCfg = Release|Any CPU
		{143A1B3B-8E1D-43BB-AB25-D8D99FE2E1CA}.Release|Any CPU.Build.0 = Release|Any CPU
		{F8EA0052-40F4-469E-A27A-6A05791ECC04}.Debug|Any CPU.ActiveCfg = Debug|Any CPU
		{F8EA0052-40F4-469E-A27A-6A05791ECC04}.Debug|Any CPU.Build.0 = Debug|Any CPU
		{F8EA0052-40F4-469E-A27A-6A05791ECC04}.Release|Any CPU.ActiveCfg = Release|Any CPU
		{F8EA0052-40F4-469E-A27A-6A05791ECC04}.Release|Any CPU.Build.0 = Release|Any CPU
		{AF4BC797-C7D5-444C-9801-05F14E608229}.Debug|Any CPU.ActiveCfg = Debug|Any CPU
		{AF4BC797-C7D5-444C-9801-05F14E608229}.Debug|Any CPU.Build.0 = Debug|Any CPU
		{AF4BC797-C7D5-444C-9801-05F14E608229}.Release|Any CPU.ActiveCfg = Release|Any CPU
		{AF4BC797-C7D5-444C-9801-05F14E608229}.Release|Any CPU.Build.0 = Release|Any CPU
		{FBBB5792-5631-4A3C-8CFE-091177F3835D}.Debug|Any CPU.ActiveCfg = Debug|Any CPU
		{FBBB5792-5631-4A3C-8CFE-091177F3835D}.Debug|Any CPU.Build.0 = Debug|Any CPU
		{FBBB5792-5631-4A3C-8CFE-091177F3835D}.Release|Any CPU.ActiveCfg = Release|Any CPU
		{FBBB5792-5631-4A3C-8CFE-091177F3835D}.Release|Any CPU.Build.0 = Release|Any CPU
	EndGlobalSection
	GlobalSection(SolutionProperties) = preSolution
		HideSolutionNode = FALSE
	EndGlobalSection
	GlobalSection(NestedProjects) = preSolution
		{6581A8C8-A5FF-4B62-9ADD-210E514B2F2C} = {02EA681E-C7D8-13C7-8484-4AC65E1B71E8}
		{2C5B3BEB-1977-41F9-A9F6-4861B1C2B65F} = {02EA681E-C7D8-13C7-8484-4AC65E1B71E8}
		{ABA9CB02-9DDA-45C6-A86F-C7B22F9A727E} = {02EA681E-C7D8-13C7-8484-4AC65E1B71E8}
		{AB4747C5-B8AC-4278-8C8A-B28B79B2BBE2} = {02EA681E-C7D8-13C7-8484-4AC65E1B71E8}
		{1E31B929-5CE6-4E89-882F-5A9364CB7CB8} = {02EA681E-C7D8-13C7-8484-4AC65E1B71E8}
		{32970D0C-1C3F-41B3-80F2-55B7973B7716} = {02EA681E-C7D8-13C7-8484-4AC65E1B71E8}
		{0C673622-9734-47F1-9762-44E2C4A1BB7E} = {32970D0C-1C3F-41B3-80F2-55B7973B7716}
		{B98B6184-E8B5-4618-818A-C594A8F1F143} = {32970D0C-1C3F-41B3-80F2-55B7973B7716}
		{97A99D65-0405-4A7A-BA32-E38039670E3E} = {32970D0C-1C3F-41B3-80F2-55B7973B7716}
		{143A1B3B-8E1D-43BB-AB25-D8D99FE2E1CA} = {0C673622-9734-47F1-9762-44E2C4A1BB7E}
		{F8EA0052-40F4-469E-A27A-6A05791ECC04} = {0C673622-9734-47F1-9762-44E2C4A1BB7E}
		{AF4BC797-C7D5-444C-9801-05F14E608229} = {0C673622-9734-47F1-9762-44E2C4A1BB7E}
		{FBBB5792-5631-4A3C-8CFE-091177F3835D} = {0C673622-9734-47F1-9762-44E2C4A1BB7E}
	EndGlobalSection
	GlobalSection(ExtensibilityGlobals) = postSolution
		SolutionGuid = {554508D0-5859-4E5B-BA35-9C266E68C719}
	EndGlobalSection
EndGlobal
